{
  "nodes": {
    "home-manager": {
      "inputs": {
        "nixpkgs": [
          "nixpkgs"
        ]
      },
      "locked": {
        "lastModified": 1716729631,
        "narHash": "sha256-IerjU5GUeKc0eW9FPOdlPveSGJ2ZrO+lIfuHPUmUF2I=",
        "owner": "nix-community",
        "repo": "home-manager",
        "rev": "fc4492181833eaaa7a26a8081c0615d95792d825",
        "type": "github"
      },
      "original": {
        "owner": "nix-community",
        "ref": "release-23.05",
        "repo": "home-manager",
        "type": "github"
      }
    },
    "nixpkgs": {
      "locked": {
        "lastModified": 1704290814,
        "narHash": "sha256-LWvKHp7kGxk/GEtlrGYV68qIvPHkU9iToomNFGagixU=",
        "owner": "nixos",
        "repo": "nixpkgs",
        "rev": "70bdadeb94ffc8806c0570eb5c2695ad29f0e421",
        "type": "github"
      },
      "original": {
        "owner": "nixos",
        "ref": "nixos-23.05",
        "repo": "nixpkgs",
        "type": "github"
      }
    },
    "nixpkgs-master": {
      "locked": {
        "lastModified": 1717891710,
        "narHash": "sha256-/2aDFO+WO0TYGsb4hYNIwF3GkbJZTJEgwqiSasDOgF4=",
        "owner": "nixos",
        "repo": "nixpkgs",
        "rev": "1acd99478c3f5d0e888944ae1193dbca92c26f33",
        "type": "github"
      },
      "original": {
        "owner": "nixos",
        "ref": "master",
        "repo": "nixpkgs",
        "type": "github"
      }
    },
    "nixpkgs-stable": {
      "locked": {
        "lastModified": 1717265169,
        "narHash": "sha256-IITcGd6xpNoyq9SZBigCkv4+qMHSqot0RDPR4xsZ2CA=",
        "owner": "NixOS",
        "repo": "nixpkgs",
        "rev": "3b1b4895b2c5f9f5544d02132896aeb9ceea77bc",
        "type": "github"
      },
      "original": {
        "owner": "NixOS",
        "ref": "release-23.11",
        "repo": "nixpkgs",
        "type": "github"
      }
    },
    "nixpkgs-unstable": {
      "locked": {
        "lastModified": 1717786204,
        "narHash": "sha256-4q0s6m0GUcN7q+Y2DqD27iLvbcd1G50T2lv08kKxkSI=",
        "owner": "nixos",
        "repo": "nixpkgs",
        "rev": "051f920625ab5aabe37c920346e3e69d7d34400e",
        "type": "github"
      },
      "original": {
        "owner": "nixos",
        "ref": "nixos-unstable",
        "repo": "nixpkgs",
        "type": "github"
      }
    },
    "nixpkgs_2": {
      "locked": {
        "lastModified": 1717112898,
        "narHash": "sha256-7R2ZvOnvd9h8fDd65p0JnB7wXfUvreox3xFdYWd1BnY=",
        "owner": "NixOS",
        "repo": "nixpkgs",
        "rev": "6132b0f6e344ce2fe34fc051b72fb46e34f668e0",
        "type": "github"
      },
      "original": {
        "owner": "NixOS",
        "ref": "nixpkgs-unstable",
        "repo": "nixpkgs",
        "type": "github"
      }
    },
    "root": {
      "inputs": {
        "home-manager": "home-manager",
        "nixpkgs": "nixpkgs",
        "nixpkgs-master": "nixpkgs-master",
        "nixpkgs-unstable": "nixpkgs-unstable",
        "sops-nix": "sops-nix"
      }
    },
    "sops-nix": {
      "inputs": {
        "nixpkgs": "nixpkgs_2",
        "nixpkgs-stable": "nixpkgs-stable"
      },
      "locked": {
        "lastModified": 1717455931,
        "narHash": "sha256-8Q6mKSsto8gaGczXd4G0lvawdAYLa5Dlh3/g4hl5CaM=",
        "owner": "Mic92",
        "repo": "sops-nix",
        "rev": "d4555e80d80d2fa77f0a44201ca299f9602492a0",
        "type": "github"
      },
      "original": {
        "owner": "Mic92",
        "repo": "sops-nix",
        "type": "github"
      }
    }
  },
  "root": "root",
  "version": 7
}
